// !$*UTF8*$!
{
	archiveVersion = 1;
	classes = {
	};
	objectVersion = 56;
	objects = {

/* Begin PBXBuildFile section */
		5F11300C295EC59800252FBC /* ChatHomeView.swift in Sources */ = {isa = PBXBuildFile; fileRef = 5F11300B295EC59800252FBC /* ChatHomeView.swift */; };
		5F113012295ECBDA00252FBC /* CallView.swift in Sources */ = {isa = PBXBuildFile; fileRef = 5F113011295ECBDA00252FBC /* CallView.swift */; };
		5F113014295ED19C00252FBC /* CommunityView.swift in Sources */ = {isa = PBXBuildFile; fileRef = 5F113013295ED19C00252FBC /* CommunityView.swift */; };
		5F113016295ED27700252FBC /* SettingView.swift in Sources */ = {isa = PBXBuildFile; fileRef = 5F113015295ED27700252FBC /* SettingView.swift */; };
		5F4C481A295F1AE8001C061A /* ContactsModel.swift in Sources */ = {isa = PBXBuildFile; fileRef = 5F4C4819295F1AE8001C061A /* ContactsModel.swift */; };
		5FBDC952295BF6FA002BB497 /* WhatsAppCloneApp.swift in Sources */ = {isa = PBXBuildFile; fileRef = 5FBDC951295BF6FA002BB497 /* WhatsAppCloneApp.swift */; };
		5FBDC956295BF6FC002BB497 /* Assets.xcassets in Resources */ = {isa = PBXBuildFile; fileRef = 5FBDC955295BF6FC002BB497 /* Assets.xcassets */; };
		5FBDC959295BF6FC002BB497 /* Preview Assets.xcassets in Resources */ = {isa = PBXBuildFile; fileRef = 5FBDC958295BF6FC002BB497 /* Preview Assets.xcassets */; };
		5FBDC963295BF6FC002BB497 /* WhatsAppCloneTests.swift in Sources */ = {isa = PBXBuildFile; fileRef = 5FBDC962295BF6FC002BB497 /* WhatsAppCloneTests.swift */; };
		5FBDC96D295BF6FC002BB497 /* WhatsAppCloneUITests.swift in Sources */ = {isa = PBXBuildFile; fileRef = 5FBDC96C295BF6FC002BB497 /* WhatsAppCloneUITests.swift */; };
		5FBDC96F295BF6FC002BB497 /* WhatsAppCloneUITestsLaunchTests.swift in Sources */ = {isa = PBXBuildFile; fileRef = 5FBDC96E295BF6FC002BB497 /* WhatsAppCloneUITestsLaunchTests.swift */; };
		5FBDC97C295BFB1F002BB497 /* OnBoardingScreen_WA.swift in Sources */ = {isa = PBXBuildFile; fileRef = 5FBDC97B295BFB1F002BB497 /* OnBoardingScreen_WA.swift */; };
		5FEB6828295E1D96006BC929 /* TabChatView.swift in Sources */ = {isa = PBXBuildFile; fileRef = 5FEB6827295E1D96006BC929 /* TabChatView.swift */; };
		5FF5DB62295F6558003330E6 /* LocalContacts_ViewModel.swift in Sources */ = {isa = PBXBuildFile; fileRef = 5FF5DB61295F6558003330E6 /* LocalContacts_ViewModel.swift */; };
/* End PBXBuildFile section */

/* Begin PBXContainerItemProxy section */
		5FBDC95F295BF6FC002BB497 /* PBXContainerItemProxy */ = {
			isa = PBXContainerItemProxy;
			containerPortal = 5FBDC946295BF6FA002BB497 /* Project object */;
			proxyType = 1;
			remoteGlobalIDString = 5FBDC94D295BF6FA002BB497;
			remoteInfo = WhatsAppClone;
		};
		5FBDC969295BF6FC002BB497 /* PBXContainerItemProxy */ = {
			isa = PBXContainerItemProxy;
			containerPortal = 5FBDC946295BF6FA002BB497 /* Project object */;
			proxyType = 1;
			remoteGlobalIDString = 5FBDC94D295BF6FA002BB497;
			remoteInfo = WhatsAppClone;
		};
/* End PBXContainerItemProxy section */

/* Begin PBXFileReference section */
		5F11300B295EC59800252FBC /* ChatHomeView.swift */ = {isa = PBXFileReference; lastKnownFileType = sourcecode.swift; path = ChatHomeView.swift; sourceTree = "<group>"; };
		5F113011295ECBDA00252FBC /* CallView.swift */ = {isa = PBXFileReference; lastKnownFileType = sourcecode.swift; path = CallView.swift; sourceTree = "<group>"; };
		5F113013295ED19C00252FBC /* CommunityView.swift */ = {isa = PBXFileReference; lastKnownFileType = sourcecode.swift; path = CommunityView.swift; sourceTree = "<group>"; };
		5F113015295ED27700252FBC /* SettingView.swift */ = {isa = PBXFileReference; lastKnownFileType = sourcecode.swift; path = SettingView.swift; sourceTree = "<group>"; };
		5F4C4819295F1AE8001C061A /* ContactsModel.swift */ = {isa = PBXFileReference; lastKnownFileType = sourcecode.swift; path = ContactsModel.swift; sourceTree = "<group>"; };
		5FBDC94E295BF6FA002BB497 /* WhatsAppClone.app */ = {isa = PBXFileReference; explicitFileType = wrapper.application; includeInIndex = 0; path = WhatsAppClone.app; sourceTree = BUILT_PRODUCTS_DIR; };
		5FBDC951295BF6FA002BB497 /* WhatsAppCloneApp.swift */ = {isa = PBXFileReference; lastKnownFileType = sourcecode.swift; path = WhatsAppCloneApp.swift; sourceTree = "<group>"; };
		5FBDC955295BF6FC002BB497 /* Assets.xcassets */ = {isa = PBXFileReference; lastKnownFileType = folder.assetcatalog; path = Assets.xcassets; sourceTree = "<group>"; };
		5FBDC958295BF6FC002BB497 /* Preview Assets.xcassets */ = {isa = PBXFileReference; lastKnownFileType = folder.assetcatalog; path = "Preview Assets.xcassets"; sourceTree = "<group>"; };
		5FBDC95E295BF6FC002BB497 /* WhatsAppCloneTests.xctest */ = {isa = PBXFileReference; explicitFileType = wrapper.cfbundle; includeInIndex = 0; path = WhatsAppCloneTests.xctest; sourceTree = BUILT_PRODUCTS_DIR; };
		5FBDC962295BF6FC002BB497 /* WhatsAppCloneTests.swift */ = {isa = PBXFileReference; lastKnownFileType = sourcecode.swift; path = WhatsAppCloneTests.swift; sourceTree = "<group>"; };
		5FBDC968295BF6FC002BB497 /* WhatsAppCloneUITests.xctest */ = {isa = PBXFileReference; explicitFileType = wrapper.cfbundle; includeInIndex = 0; path = WhatsAppCloneUITests.xctest; sourceTree = BUILT_PRODUCTS_DIR; };
		5FBDC96C295BF6FC002BB497 /* WhatsAppCloneUITests.swift */ = {isa = PBXFileReference; lastKnownFileType = sourcecode.swift; path = WhatsAppCloneUITests.swift; sourceTree = "<group>"; };
		5FBDC96E295BF6FC002BB497 /* WhatsAppCloneUITestsLaunchTests.swift */ = {isa = PBXFileReference; lastKnownFileType = sourcecode.swift; path = WhatsAppCloneUITestsLaunchTests.swift; sourceTree = "<group>"; };
		5FBDC97B295BFB1F002BB497 /* OnBoardingScreen_WA.swift */ = {isa = PBXFileReference; lastKnownFileType = sourcecode.swift; path = OnBoardingScreen_WA.swift; sourceTree = "<group>"; };
		5FEB6827295E1D96006BC929 /* TabChatView.swift */ = {isa = PBXFileReference; lastKnownFileType = sourcecode.swift; path = TabChatView.swift; sourceTree = "<group>"; };
		5FF5DB61295F6558003330E6 /* LocalContacts_ViewModel.swift */ = {isa = PBXFileReference; lastKnownFileType = sourcecode.swift; path = LocalContacts_ViewModel.swift; sourceTree = "<group>"; };
/* End PBXFileReference section */

/* Begin PBXFrameworksBuildPhase section */
		5FBDC94B295BF6FA002BB497 /* Frameworks */ = {
			isa = PBXFrameworksBuildPhase;
			buildActionMask = 2147483647;
			files = (
			);
			runOnlyForDeploymentPostprocessing = 0;
		};
		5FBDC95B295BF6FC002BB497 /* Frameworks */ = {
			isa = PBXFrameworksBuildPhase;
			buildActionMask = 2147483647;
			files = (
			);
			runOnlyForDeploymentPostprocessing = 0;
		};
		5FBDC965295BF6FC002BB497 /* Frameworks */ = {
			isa = PBXFrameworksBuildPhase;
			buildActionMask = 2147483647;
			files = (
			);
			runOnlyForDeploymentPostprocessing = 0;
		};
/* End PBXFrameworksBuildPhase section */

/* Begin PBXGroup section */
		5F4C481B295F1B2C001C061A /* Model */ = {
			isa = PBXGroup;
			children = (
				5F4C4819295F1AE8001C061A /* ContactsModel.swift */,
			);
			path = Model;
			sourceTree = "<group>";
		};
		5F4C4820295F2231001C061A /* VIewModel */ = {
			isa = PBXGroup;
			children = (
				5FF5DB61295F6558003330E6 /* LocalContacts_ViewModel.swift */,
			);
			path = VIewModel;
			sourceTree = "<group>";
		};
		5F9B4274295D8B9000B14BC7 /* Views */ = {
			isa = PBXGroup;
			children = (
				5FBDC97B295BFB1F002BB497 /* OnBoardingScreen_WA.swift */,
				5FEB6827295E1D96006BC929 /* TabChatView.swift */,
				5F113011295ECBDA00252FBC /* CallView.swift */,
				5F113015295ED27700252FBC /* SettingView.swift */,
				5F11300B295EC59800252FBC /* ChatHomeView.swift */,
				5F113013295ED19C00252FBC /* CommunityView.swift */,
				5F4C4820295F2231001C061A /* VIewModel */,
			);
			path = Views;
			sourceTree = "<group>";
		};
		5FBDC945295BF6FA002BB497 = {
			isa = PBXGroup;
			children = (
				5FBDC950295BF6FA002BB497 /* WhatsAppClone */,
				5FBDC961295BF6FC002BB497 /* WhatsAppCloneTests */,
				5FBDC96B295BF6FC002BB497 /* WhatsAppCloneUITests */,
				5FBDC94F295BF6FA002BB497 /* Products */,
			);
			sourceTree = "<group>";
		};
		5FBDC94F295BF6FA002BB497 /* Products */ = {
			isa = PBXGroup;
			children = (
				5FBDC94E295BF6FA002BB497 /* WhatsAppClone.app */,
				5FBDC95E295BF6FC002BB497 /* WhatsAppCloneTests.xctest */,
				5FBDC968295BF6FC002BB497 /* WhatsAppCloneUITests.xctest */,
			);
			name = Products;
			sourceTree = "<group>";
		};
		5FBDC950295BF6FA002BB497 /* WhatsAppClone */ = {
			isa = PBXGroup;
			children = (
				5FBDC951295BF6FA002BB497 /* WhatsAppCloneApp.swift */,
				5F4C481B295F1B2C001C061A /* Model */,
				5F9B4274295D8B9000B14BC7 /* Views */,
				5FBDC955295BF6FC002BB497 /* Assets.xcassets */,
				5FBDC957295BF6FC002BB497 /* Preview Content */,
			);
			path = WhatsAppClone;
			sourceTree = "<group>";
		};
		5FBDC957295BF6FC002BB497 /* Preview Content */ = {
			isa = PBXGroup;
			children = (
				5FBDC958295BF6FC002BB497 /* Preview Assets.xcassets */,
			);
			path = "Preview Content";
			sourceTree = "<group>";
		};
		5FBDC961295BF6FC002BB497 /* WhatsAppCloneTests */ = {
			isa = PBXGroup;
			children = (
				5FBDC962295BF6FC002BB497 /* WhatsAppCloneTests.swift */,
			);
			path = WhatsAppCloneTests;
			sourceTree = "<group>";
		};
		5FBDC96B295BF6FC002BB497 /* WhatsAppCloneUITests */ = {
			isa = PBXGroup;
			children = (
				5FBDC96C295BF6FC002BB497 /* WhatsAppCloneUITests.swift */,
				5FBDC96E295BF6FC002BB497 /* WhatsAppCloneUITestsLaunchTests.swift */,
			);
			path = WhatsAppCloneUITests;
			sourceTree = "<group>";
		};
/* End PBXGroup section */

/* Begin PBXNativeTarget section */
		5FBDC94D295BF6FA002BB497 /* WhatsAppClone */ = {
			isa = PBXNativeTarget;
			buildConfigurationList = 5FBDC972295BF6FC002BB497 /* Build configuration list for PBXNativeTarget "WhatsAppClone" */;
			buildPhases = (
				5FBDC94A295BF6FA002BB497 /* Sources */,
				5FBDC94B295BF6FA002BB497 /* Frameworks */,
				5FBDC94C295BF6FA002BB497 /* Resources */,
			);
			buildRules = (
			);
			dependencies = (
			);
			name = WhatsAppClone;
			productName = WhatsAppClone;
			productReference = 5FBDC94E295BF6FA002BB497 /* WhatsAppClone.app */;
			productType = "com.apple.product-type.application";
		};
		5FBDC95D295BF6FC002BB497 /* WhatsAppCloneTests */ = {
			isa = PBXNativeTarget;
			buildConfigurationList = 5FBDC975295BF6FC002BB497 /* Build configuration list for PBXNativeTarget "WhatsAppCloneTests" */;
			buildPhases = (
				5FBDC95A295BF6FC002BB497 /* Sources */,
				5FBDC95B295BF6FC002BB497 /* Frameworks */,
				5FBDC95C295BF6FC002BB497 /* Resources */,
			);
			buildRules = (
			);
			dependencies = (
				5FBDC960295BF6FC002BB497 /* PBXTargetDependency */,
			);
			name = WhatsAppCloneTests;
			productName = WhatsAppCloneTests;
			productReference = 5FBDC95E295BF6FC002BB497 /* WhatsAppCloneTests.xctest */;
			productType = "com.apple.product-type.bundle.unit-test";
		};
		5FBDC967295BF6FC002BB497 /* WhatsAppCloneUITests */ = {
			isa = PBXNativeTarget;
			buildConfigurationList = 5FBDC978295BF6FC002BB497 /* Build configuration list for PBXNativeTarget "WhatsAppCloneUITests" */;
			buildPhases = (
				5FBDC964295BF6FC002BB497 /* Sources */,
				5FBDC965295BF6FC002BB497 /* Frameworks */,
				5FBDC966295BF6FC002BB497 /* Resources */,
			);
			buildRules = (
			);
			dependencies = (
				5FBDC96A295BF6FC002BB497 /* PBXTargetDependency */,
			);
			name = WhatsAppCloneUITests;
			productName = WhatsAppCloneUITests;
			productReference = 5FBDC968295BF6FC002BB497 /* WhatsAppCloneUITests.xctest */;
			productType = "com.apple.product-type.bundle.ui-testing";
		};
/* End PBXNativeTarget section */

/* Begin PBXProject section */
		5FBDC946295BF6FA002BB497 /* Project object */ = {
			isa = PBXProject;
			attributes = {
				BuildIndependentTargetsInParallel = 1;
				LastSwiftUpdateCheck = 1420;
				LastUpgradeCheck = 1420;
				TargetAttributes = {
					5FBDC94D295BF6FA002BB497 = {
						CreatedOnToolsVersion = 14.2;
					};
					5FBDC95D295BF6FC002BB497 = {
						CreatedOnToolsVersion = 14.2;
						TestTargetID = 5FBDC94D295BF6FA002BB497;
					};
					5FBDC967295BF6FC002BB497 = {
						CreatedOnToolsVersion = 14.2;
						TestTargetID = 5FBDC94D295BF6FA002BB497;
					};
				};
			};
			buildConfigurationList = 5FBDC949295BF6FA002BB497 /* Build configuration list for PBXProject "WhatsAppClone" */;
			compatibilityVersion = "Xcode 14.0";
			developmentRegion = en;
			hasScannedForEncodings = 0;
			knownRegions = (
				en,
				Base,
			);
			mainGroup = 5FBDC945295BF6FA002BB497;
			productRefGroup = 5FBDC94F295BF6FA002BB497 /* Products */;
			projectDirPath = "";
			projectRoot = "";
			targets = (
				5FBDC94D295BF6FA002BB497 /* WhatsAppClone */,
				5FBDC95D295BF6FC002BB497 /* WhatsAppCloneTests */,
				5FBDC967295BF6FC002BB497 /* WhatsAppCloneUITests */,
			);
		};
/* End PBXProject section */

/* Begin PBXResourcesBuildPhase section */
		5FBDC94C295BF6FA002BB497 /* Resources */ = {
			isa = PBXResourcesBuildPhase;
			buildActionMask = 2147483647;
			files = (
				5FBDC959295BF6FC002BB497 /* Preview Assets.xcassets in Resources */,
				5FBDC956295BF6FC002BB497 /* Assets.xcassets in Resources */,
			);
			runOnlyForDeploymentPostprocessing = 0;
		};
		5FBDC95C295BF6FC002BB497 /* Resources */ = {
			isa = PBXResourcesBuildPhase;
			buildActionMask = 2147483647;
			files = (
			);
			runOnlyForDeploymentPostprocessing = 0;
		};
		5FBDC966295BF6FC002BB497 /* Resources */ = {
			isa = PBXResourcesBuildPhase;
			buildActionMask = 2147483647;
			files = (
			);
			runOnlyForDeploymentPostprocessing = 0;
		};
/* End PBXResourcesBuildPhase section */

/* Begin PBXSourcesBuildPhase section */
		5FBDC94A295BF6FA002BB497 /* Sources */ = {
			isa = PBXSourcesBuildPhase;
			buildActionMask = 2147483647;
			files = (
				5F4C481A295F1AE8001C061A /* ContactsModel.swift in Sources */,
				5F113012295ECBDA00252FBC /* CallView.swift in Sources */,
				5F11300C295EC59800252FBC /* ChatHomeView.swift in Sources */,
				5F113016295ED27700252FBC /* SettingView.swift in Sources */,
				5FEB6828295E1D96006BC929 /* TabChatView.swift in Sources */,
				5F113014295ED19C00252FBC /* CommunityView.swift in Sources */,
				5FF5DB62295F6558003330E6 /* LocalContacts_ViewModel.swift in Sources */,
				5FBDC97C295BFB1F002BB497 /* OnBoardingScreen_WA.swift in Sources */,
				5FBDC952295BF6FA002BB497 /* WhatsAppCloneApp.swift in Sources */,
			);
			runOnlyForDeploymentPostprocessing = 0;
		};
		5FBDC95A295BF6FC002BB497 /* Sources */ = {
			isa = PBXSourcesBuildPhase;
			buildActionMask = 2147483647;
			files = (
				5FBDC963295BF6FC002BB497 /* WhatsAppCloneTests.swift in Sources */,
			);
			runOnlyForDeploymentPostprocessing = 0;
		};
		5FBDC964295BF6FC002BB497 /* Sources */ = {
			isa = PBXSourcesBuildPhase;
			buildActionMask = 2147483647;
			files = (
				5FBDC96F295BF6FC002BB497 /* WhatsAppCloneUITestsLaunchTests.swift in Sources */,
				5FBDC96D295BF6FC002BB497 /* WhatsAppCloneUITests.swift in Sources */,
			);
			runOnlyForDeploymentPostprocessing = 0;
		};
/* End PBXSourcesBuildPhase section */

/* Begin PBXTargetDependency section */
		5FBDC960295BF6FC002BB497 /* PBXTargetDependency */ = {
			isa = PBXTargetDependency;
			target = 5FBDC94D295BF6FA002BB497 /* WhatsAppClone */;
			targetProxy = 5FBDC95F295BF6FC002BB497 /* PBXContainerItemProxy */;
		};
		5FBDC96A295BF6FC002BB497 /* PBXTargetDependency */ = {
			isa = PBXTargetDependency;
			target = 5FBDC94D295BF6FA002BB497 /* WhatsAppClone */;
			targetProxy = 5FBDC969295BF6FC002BB497 /* PBXContainerItemProxy */;
		};
/* End PBXTargetDependency section */

/* Begin XCBuildConfiguration section */
		5FBDC970295BF6FC002BB497 /* Debug */ = {
			isa = XCBuildConfiguration;
			buildSettings = {
				ALWAYS_SEARCH_USER_PATHS = NO;
				CLANG_ANALYZER_NONNULL = YES;
				CLANG_ANALYZER_NUMBER_OBJECT_CONVERSION = YES_AGGRESSIVE;
				CLANG_CXX_LANGUAGE_STANDARD = "gnu++20";
				CLANG_ENABLE_MODULES = YES;
				CLANG_ENABLE_OBJC_ARC = YES;
				CLANG_ENABLE_OBJC_WEAK = YES;
				CLANG_WARN_BLOCK_CAPTURE_AUTORELEASING = YES;
				CLANG_WARN_BOOL_CONVERSION = YES;
				CLANG_WARN_COMMA = YES;
				CLANG_WARN_CONSTANT_CONVERSION = YES;
				CLANG_WARN_DEPRECATED_OBJC_IMPLEMENTATIONS = YES;
				CLANG_WARN_DIRECT_OBJC_ISA_USAGE = YES_ERROR;
				CLANG_WARN_DOCUMENTATION_COMMENTS = YES;
				CLANG_WARN_EMPTY_BODY = YES;
				CLANG_WARN_ENUM_CONVERSION = YES;
				CLANG_WARN_INFINITE_RECURSION = YES;
				CLANG_WARN_INT_CONVERSION = YES;
				CLANG_WARN_NON_LITERAL_NULL_CONVERSION = YES;
				CLANG_WARN_OBJC_IMPLICIT_RETAIN_SELF = YES;
				CLANG_WARN_OBJC_LITERAL_CONVERSION = YES;
				CLANG_WARN_OBJC_ROOT_CLASS = YES_ERROR;
				CLANG_WARN_QUOTED_INCLUDE_IN_FRAMEWORK_HEADER = YES;
				CLANG_WARN_RANGE_LOOP_ANALYSIS = YES;
				CLANG_WARN_STRICT_PROTOTYPES = YES;
				CLANG_WARN_SUSPICIOUS_MOVE = YES;
				CLANG_WARN_UNGUARDED_AVAILABILITY = YES_AGGRESSIVE;
				CLANG_WARN_UNREACHABLE_CODE = YES;
				CLANG_WARN__DUPLICATE_METHOD_MATCH = YES;
				COPY_PHASE_STRIP = NO;
				DEBUG_INFORMATION_FORMAT = dwarf;
				ENABLE_STRICT_OBJC_MSGSEND = YES;
				ENABLE_TESTABILITY = YES;
				GCC_C_LANGUAGE_STANDARD = gnu11;
				GCC_DYNAMIC_NO_PIC = NO;
				GCC_NO_COMMON_BLOCKS = YES;
				GCC_OPTIMIZATION_LEVEL = 0;
				GCC_PREPROCESSOR_DEFINITIONS = (
					"DEBUG=1",
					"$(inherited)",
				);
				GCC_WARN_64_TO_32_BIT_CONVERSION = YES;
				GCC_WARN_ABOUT_RETURN_TYPE = YES_ERROR;
				GCC_WARN_UNDECLARED_SELECTOR = YES;
				GCC_WARN_UNINITIALIZED_AUTOS = YES_AGGRESSIVE;
				GCC_WARN_UNUSED_FUNCTION = YES;
				GCC_WARN_UNUSED_VARIABLE = YES;
				IPHONEOS_DEPLOYMENT_TARGET = 16.2;
				MTL_ENABLE_DEBUG_INFO = INCLUDE_SOURCE;
				MTL_FAST_MATH = YES;
				ONLY_ACTIVE_ARCH = YES;
				SDKROOT = iphoneos;
				SWIFT_ACTIVE_COMPILATION_CONDITIONS = DEBUG;
				SWIFT_OPTIMIZATION_LEVEL = "-Onone";
			};
			name = Debug;
		};
		5FBDC971295BF6FC002BB497 /* Release */ = {
			isa = XCBuildConfiguration;
			buildSettings = {
				ALWAYS_SEARCH_USER_PATHS = NO;
				CLANG_ANALYZER_NONNULL = YES;
				CLANG_ANALYZER_NUMBER_OBJECT_CONVERSION = YES_AGGRESSIVE;
				CLANG_CXX_LANGUAGE_STANDARD = "gnu++20";
				CLANG_ENABLE_MODULES = YES;
				CLANG_ENABLE_OBJC_ARC = YES;
				CLANG_ENABLE_OBJC_WEAK = YES;
				CLANG_WARN_BLOCK_CAPTURE_AUTORELEASING = YES;
				CLANG_WARN_BOOL_CONVERSION = YES;
				CLANG_WARN_COMMA = YES;
				CLANG_WARN_CONSTANT_CONVERSION = YES;
				CLANG_WARN_DEPRECATED_OBJC_IMPLEMENTATIONS = YES;
				CLANG_WARN_DIRECT_OBJC_ISA_USAGE = YES_ERROR;
				CLANG_WARN_DOCUMENTATION_COMMENTS = YES;
				CLANG_WARN_EMPTY_BODY = YES;
				CLANG_WARN_ENUM_CONVERSION = YES;
				CLANG_WARN_INFINITE_RECURSION = YES;
				CLANG_WARN_INT_CONVERSION = YES;
				CLANG_WARN_NON_LITERAL_NULL_CONVERSION = YES;
				CLANG_WARN_OBJC_IMPLICIT_RETAIN_SELF = YES;
				CLANG_WARN_OBJC_LITERAL_CONVERSION = YES;
				CLANG_WARN_OBJC_ROOT_CLASS = YES_ERROR;
				CLANG_WARN_QUOTED_INCLUDE_IN_FRAMEWORK_HEADER = YES;
				CLANG_WARN_RANGE_LOOP_ANALYSIS = YES;
				CLANG_WARN_STRICT_PROTOTYPES = YES;
				CLANG_WARN_SUSPICIOUS_MOVE = YES;
				CLANG_WARN_UNGUARDED_AVAILABILITY = YES_AGGRESSIVE;
				CLANG_WARN_UNREACHABLE_CODE = YES;
				CLANG_WARN__DUPLICATE_METHOD_MATCH = YES;
				COPY_PHASE_STRIP = NO;
				DEBUG_INFORMATION_FORMAT = "dwarf-with-dsym";
				ENABLE_NS_ASSERTIONS = NO;
				ENABLE_STRICT_OBJC_MSGSEND = YES;
				GCC_C_LANGUAGE_STANDARD = gnu11;
				GCC_NO_COMMON_BLOCKS = YES;
				GCC_WARN_64_TO_32_BIT_CONVERSION = YES;
				GCC_WARN_ABOUT_RETURN_TYPE = YES_ERROR;
				GCC_WARN_UNDECLARED_SELECTOR = YES;
				GCC_WARN_UNINITIALIZED_AUTOS = YES_AGGRESSIVE;
				GCC_WARN_UNUSED_FUNCTION = YES;
				GCC_WARN_UNUSED_VARIABLE = YES;
				IPHONEOS_DEPLOYMENT_TARGET = 16.2;
				MTL_ENABLE_DEBUG_INFO = NO;
				MTL_FAST_MATH = YES;
				SDKROOT = iphoneos;
				SWIFT_COMPILATION_MODE = wholemodule;
				SWIFT_OPTIMIZATION_LEVEL = "-O";
				VALIDATE_PRODUCT = YES;
			};
			name = Release;
		};
		5FBDC973295BF6FC002BB497 /* Debug */ = {
			isa = XCBuildConfiguration;
			buildSettings = {
				ASSETCATALOG_COMPILER_APPICON_NAME = AppIcon;
				ASSETCATALOG_COMPILER_GLOBAL_ACCENT_COLOR_NAME = AccentColor;
				CODE_SIGN_STYLE = Automatic;
				CURRENT_PROJECT_VERSION = 1;
				DEVELOPMENT_ASSET_PATHS = "\"WhatsAppClone/Preview Content\"";
				ENABLE_PREVIEWS = YES;
				GENERATE_INFOPLIST_FILE = YES;
				INFOPLIST_KEY_UIApplicationSceneManifest_Generation = YES;
				INFOPLIST_KEY_UIApplicationSupportsIndirectInputEvents = YES;
				INFOPLIST_KEY_UILaunchScreen_Generation = YES;
				INFOPLIST_KEY_UISupportedInterfaceOrientations_iPad = "UIInterfaceOrientationPortrait UIInterfaceOrientationPortraitUpsideDown UIInterfaceOrientationLandscapeLeft UIInterfaceOrientationLandscapeRight";
				INFOPLIST_KEY_UISupportedInterfaceOrientations_iPhone = "UIInterfaceOrientationPortrait UIInterfaceOrientationLandscapeLeft UIInterfaceOrientationLandscapeRight";
				LD_RUNPATH_SEARCH_PATHS = (
					"$(inherited)",
					"@executable_path/Frameworks",
				);
				MARKETING_VERSION = 1.0;
				PRODUCT_BUNDLE_IDENTIFIER = i.am.aum.WhatsAppClone;
				PRODUCT_NAME = "$(TARGET_NAME)";
				SWIFT_EMIT_LOC_STRINGS = YES;
				SWIFT_VERSION = 5.0;
				TARGETED_DEVICE_FAMILY = "1,2";
			};
			name = Debug;
		};
		5FBDC974295BF6FC002BB497 /* Release */ = {
			isa = XCBuildConfiguration;
			buildSettings = {
				ASSETCATALOG_COMPILER_APPICON_NAME = AppIcon;
				ASSETCATALOG_COMPILER_GLOBAL_ACCENT_COLOR_NAME = AccentColor;
				CODE_SIGN_STYLE = Automatic;
				CURRENT_PROJECT_VERSION = 1;
				DEVELOPMENT_ASSET_PATHS = "\"WhatsAppClone/Preview Content\"";
				ENABLE_PREVIEWS = YES;
				GENERATE_INFOPLIST_FILE = YES;
				INFOPLIST_KEY_UIApplicationSceneManifest_Generation = YES;
				INFOPLIST_KEY_UIApplicationSupportsIndirectInputEvents = YES;
				INFOPLIST_KEY_UILaunchScreen_Generation = YES;
				INFOPLIST_KEY_UISupportedInterfaceOrientations_iPad = "UIInterfaceOrientationPortrait UIInterfaceOrientationPortraitUpsideDown UIInterfaceOrientationLandscapeLeft UIInterfaceOrientationLandscapeRight";
				INFOPLIST_KEY_UISupportedInterfaceOrientations_iPhone = "UIInterfaceOrientationPortrait UIInterfaceOrientationLandscapeLeft UIInterfaceOrientationLandscapeRight";
				LD_RUNPATH_SEARCH_PATHS = (
					"$(inherited)",
					"@executable_path/Frameworks",
				);
				MARKETING_VERSION = 1.0;
				PRODUCT_BUNDLE_IDENTIFIER = i.am.aum.WhatsAppClone;
				PRODUCT_NAME = "$(TARGET_NAME)";
				SWIFT_EMIT_LOC_STRINGS = YES;
				SWIFT_VERSION = 5.0;
				TARGETED_DEVICE_FAMILY = "1,2";
			};
			name = Release;
		};
		5FBDC976295BF6FC002BB497 /* Debug */ = {
			isa = XCBuildConfiguration;
			buildSettings = {
				ALWAYS_EMBED_SWIFT_STANDARD_LIBRARIES = YES;
				BUNDLE_LOADER = "$(TEST_HOST)";
				CODE_SIGN_STYLE = Automatic;
				CURRENT_PROJECT_VERSION = 1;
				GENERATE_INFOPLIST_FILE = YES;
				IPHONEOS_DEPLOYMENT_TARGET = 16.2;
				MARKETING_VERSION = 1.0;
				PRODUCT_BUNDLE_IDENTIFIER = i.am.aum.WhatsAppCloneTests;
				PRODUCT_NAME = "$(TARGET_NAME)";
				SWIFT_EMIT_LOC_STRINGS = NO;
				SWIFT_VERSION = 5.0;
				TARGETED_DEVICE_FAMILY = "1,2";
				TEST_HOST = "$(BUILT_PRODUCTS_DIR)/WhatsAppClone.app/$(BUNDLE_EXECUTABLE_FOLDER_PATH)/WhatsAppClone";
			};
			name = Debug;
		};
		5FBDC977295BF6FC002BB497 /* Release */ = {
			isa = XCBuildConfiguration;
			buildSettings = {
				ALWAYS_EMBED_SWIFT_STANDARD_LIBRARIES = YES;
				BUNDLE_LOADER = "$(TEST_HOST)";
				CODE_SIGN_STYLE = Automatic;
				CURRENT_PROJECT_VERSION = 1;
				GENERATE_INFOPLIST_FILE = YES;
				IPHONEOS_DEPLOYMENT_TARGET = 16.2;
				MARKETING_VERSION = 1.0;
				PRODUCT_BUNDLE_IDENTIFIER = i.am.aum.WhatsAppCloneTests;
				PRODUCT_NAME = "$(TARGET_NAME)";
				SWIFT_EMIT_LOC_STRINGS = NO;
				SWIFT_VERSION = 5.0;
				TARGETED_DEVICE_FAMILY = "1,2";
				TEST_HOST = "$(BUILT_PRODUCTS_DIR)/WhatsAppClone.app/$(BUNDLE_EXECUTABLE_FOLDER_PATH)/WhatsAppClone";
			};
			name = Release;
		};
		5FBDC979295BF6FC002BB497 /* Debug */ = {
			isa = XCBuildConfiguration;
			buildSettings = {
				ALWAYS_EMBED_SWIFT_STANDARD_LIBRARIES = YES;
				CODE_SIGN_STYLE = Automatic;
				CURRENT_PROJECT_VERSION = 1;
				GENERATE_INFOPLIST_FILE = YES;
				MARKETING_VERSION = 1.0;
				PRODUCT_BUNDLE_IDENTIFIER = i.am.aum.WhatsAppCloneUITests;
				PRODUCT_NAME = "$(TARGET_NAME)";
				SWIFT_EMIT_LOC_STRINGS = NO;
				SWIFT_VERSION = 5.0;
				TARGETED_DEVICE_FAMILY = "1,2";
				TEST_TARGET_NAME = WhatsAppClone;
			};
			name = Debug;
		};
		5FBDC97A295BF6FC002BB497 /* Release */ = {
			isa = XCBuildConfiguration;
			buildSettings = {
				ALWAYS_EMBED_SWIFT_STANDARD_LIBRARIES = YES;
				CODE_SIGN_STYLE = Automatic;
				CURRENT_PROJECT_VERSION = 1;
				GENERATE_INFOPLIST_FILE = YES;
				MARKETING_VERSION = 1.0;
				PRODUCT_BUNDLE_IDENTIFIER = i.am.aum.WhatsAppCloneUITests;
				PRODUCT_NAME = "$(TARGET_NAME)";
				SWIFT_EMIT_LOC_STRINGS = NO;
				SWIFT_VERSION = 5.0;
				TARGETED_DEVICE_FAMILY = "1,2";
				TEST_TARGET_NAME = WhatsAppClone;
			};
			name = Release;
		};
/* End XCBuildConfiguration section */

/* Begin XCConfigurationList section */
		5FBDC949295BF6FA002BB497 /* Build configuration list for PBXProject "WhatsAppClone" */ = {
			isa = XCConfigurationList;
			buildConfigurations = (
				5FBDC970295BF6FC002BB497 /* Debug */,
				5FBDC971295BF6FC002BB497 /* Release */,
			);
			defaultConfigurationIsVisible = 0;
			defaultConfigurationName = Release;
		};
		5FBDC972295BF6FC002BB497 /* Build configuration list for PBXNativeTarget "WhatsAppClone" */ = {
			isa = XCConfigurationList;
			buildConfigurations = (
				5FBDC973295BF6FC002BB497 /* Debug */,
				5FBDC974295BF6FC002BB497 /* Release */,
			);
			defaultConfigurationIsVisible = 0;
			defaultConfigurationName = Release;
		};
		5FBDC975295BF6FC002BB497 /* Build configuration list for PBXNativeTarget "WhatsAppCloneTests" */ = {
			isa = XCConfigurationList;
			buildConfigurations = (
				5FBDC976295BF6FC002BB497 /* Debug */,
				5FBDC977295BF6FC002BB497 /* Release */,
			);
			defaultConfigurationIsVisible = 0;
			defaultConfigurationName = Release;
		};
		5FBDC978295BF6FC002BB497 /* Build configuration list for PBXNativeTarget "WhatsAppCloneUITests" */ = {
			isa = XCConfigurationList;
			buildConfigurations = (
				5FBDC979295BF6FC002BB497 /* Debug */,
				5FBDC97A295BF6FC002BB497 /* Release */,
			);
			defaultConfigurationIsVisible = 0;
			defaultConfigurationName = Release;
		};
/* End XCConfigurationList section */
	};
	rootObject = 5FBDC946295BF6FA002BB497 /* Project object */;
}
